
Microsoft Visual Studio Solution File, Format Version 12.00
# Visual Studio 15
VisualStudioVersion = 15.0.26730.16
MinimumVisualStudioVersion = 10.0.40219.1
Project("{8BC9CEB8-8B4A-11D0-8D11-00A0C91BC942}") = "MFCApplication5", "MFCApplication5\MFCApplication5.vcxproj", "{1D4406E6-1AFA-4EB0-BD17-87FDC173B7A0}"
EndProject
Global
	GlobalSection(SolutionConfigurationPlatforms) = preSolution
		Debug|x64 = Debug|x64
		Debug|x86 = Debug|x86
		Release|x64 = Release|x64
		Release|x86 = Release|x86
	EndGlobalSection
	GlobalSection(ProjectConfigurationPlatforms) = postSolution
		{1D4406E6-1AFA-4EB0-BD17-87FDC173B7A0}.Debug|x64.ActiveCfg = Debug|x64
		{1D4406E6-1AFA-4EB0-BD17-87FDC173B7A0}.Debug|x64.Build.0 = Debug|x64
		{1D4406E6-1AFA-4EB0-BD17-87FDC173B7A0}.Debug|x86.ActiveCfg = Debug|Win32
		{1D4406E6-1AFA-4EB0-BD17-87FDC173B7A0}.Debug|x86.Build.0 = Debug|Win32
		{1D4406E6-1AFA-4EB0-BD17-87FDC173B7A0}.Release|x64.ActiveCfg = Release|x64
		{1D4406E6-1AFA-4EB0-BD17-87FDC173B7A0}.Release|x64.Build.0 = Release|x64
		{1D4406E6-1AFA-4EB0-BD17-87FDC173B7A0}.Release|x86.ActiveCfg = Release|Win32
		{1D4406E6-1AFA-4EB0-BD17-87FDC173B7A0}.Release|x86.Build.0 = Release|Win32
	EndGlobalSection
	GlobalSection(SolutionProperties) = preSolution
		HideSolutionNode = FALSE
	EndGlobalSection
	GlobalSection(ExtensibilityGlobals) = postSolution
		SolutionGuid = {74E68A6F-E941-43EE-9AE5-0A576173FC32}
	EndGlobalSection
EndGlobal
